
Microsoft Visual Studio Solution File, Format Version 12.00
# Visual Studio 2015
Project("{FAE04EC0-301F-11D3-BF4B-00C04F79EFBC}") = "VoxelMesh.CSharp", "VoxelMesh.CSharp.csproj", "{0E4F977B-17E9-CE16-2DB9-4304B59B8314}"
EndProject
Global
	GlobalSection(SolutionConfigurationPlatforms) = preSolution
		Debug|Any CPU = Debug|Any CPU
		Release|Any CPU = Release|Any CPU
	EndGlobalSection
	GlobalSection(ProjectConfigurationPlatforms) = postSolution
		{0E4F977B-17E9-CE16-2DB9-4304B59B8314}.Debug|Any CPU.ActiveCfg = Debug|Any CPU
		{0E4F977B-17E9-CE16-2DB9-4304B59B8314}.Debug|Any CPU.Build.0 = Debug|Any CPU
		{0E4F977B-17E9-CE16-2DB9-4304B59B8314}.Release|Any CPU.ActiveCfg = Release|Any CPU
		{0E4F977B-17E9-CE16-2DB9-4304B59B8314}.Release|Any CPU.Build.0 = Release|Any CPU
	EndGlobalSection
	GlobalSection(SolutionProperties) = preSolution
		HideSolutionNode = FALSE
	EndGlobalSection
EndGlobal
