
Microsoft Visual Studio Solution File, Format Version 12.00
# Visual Studio 2015
Project("{FAE04EC0-301F-11D3-BF4B-00C04F79EFBC}") = "FoxyVoxEditor.CSharp", "FoxyVoxEditor.CSharp.csproj", "{67950D20-668D-B6BC-85C3-88C8E86EA6EE}"
EndProject
Global
	GlobalSection(SolutionConfigurationPlatforms) = preSolution
		Debug|Any CPU = Debug|Any CPU
		Release|Any CPU = Release|Any CPU
	EndGlobalSection
	GlobalSection(ProjectConfigurationPlatforms) = postSolution
		{67950D20-668D-B6BC-85C3-88C8E86EA6EE}.Debug|Any CPU.ActiveCfg = Debug|Any CPU
		{67950D20-668D-B6BC-85C3-88C8E86EA6EE}.Debug|Any CPU.Build.0 = Debug|Any CPU
		{67950D20-668D-B6BC-85C3-88C8E86EA6EE}.Release|Any CPU.ActiveCfg = Release|Any CPU
		{67950D20-668D-B6BC-85C3-88C8E86EA6EE}.Release|Any CPU.Build.0 = Release|Any CPU
	EndGlobalSection
	GlobalSection(SolutionProperties) = preSolution
		HideSolutionNode = FALSE
	EndGlobalSection
EndGlobal
